{
  "name": "real-estate-app",
  "version": "1.0.0",
  "lockfileVersion": 3,
  "requires": true,
  "packages": {
    "": {
      "name": "real-estate-app",
      "version": "1.0.0",
      "license": "ISC",
      "dependencies": {
        "@notionhq/client": "^5.14.0",
        "dotenv": "^16.4.5"
      }
    },
    "node_modules/@notionhq/client": {
      "version": "5.14.0",
      "resolved": "https://registry.npmjs.org/@notionhq/client/-/client-5.14.0.tgz",
      "integrity": "sha512-9bbH7/9M6D9YlHMYCZ1aAFxRCWiKRBpP/XOnAHFtBCFDf00PPhpWRSsGE1FfmjYCNW2BFRj19WshJFH5IFfNvg==",
      "license": "MIT",
      "engines": {
        "node": ">=18"
      }
    },
    "node_modules/dotenv": {
      "version": "16.6.1",
      "resolved": "https://registry.npmjs.org/dotenv/-/dotenv-16.6.1.tgz",
      "integrity": "sha512-uBq4egWHTcTt33a72vpSG0z3HnPuIl6NqYcTrKEg2azoEyl2hpW0zqlxysq2pK9HlDIHyHyakeYaYnSAwd8bow==",
      "license": "BSD-2-Clause",
      "engines": {
        "node": ">=12"
      },
      "funding": {
        "url": "https://dotenvx.com"
      }
    }
  }
}
